Microsoft Visual Studio Solution File, Format Version 9.00
# Visual C++ Express 2005
Project("{8BC9CEB8-8B4A-11D0-8D11-00A0C91BC942}") = "libcaca", "libcaca.vcproj", "{8951ECB0-7CFE-41AB-A426-98D7C441BEA4}"
EndProject
Project("{8BC9CEB8-8B4A-11D0-8D11-00A0C91BC942}") = "cacaball", "cacaball.vcproj", "{7C6ECE78-045C-458D-8B8F-DEC2C9CB9C14}"
	ProjectSection(ProjectDependencies) = postProject
		{8951ECB0-7CFE-41AB-A426-98D7C441BEA4} = {8951ECB0-7CFE-41AB-A426-98D7C441BEA4}
	EndProjectSection
EndProject
Project("{8BC9CEB8-8B4A-11D0-8D11-00A0C91BC942}") = "cacafire", "cacafire.vcproj", "{F25D1237-9ED8-4343-B958-308C95FE392F}"
	ProjectSection(ProjectDependencies) = postProject
		{8951ECB0-7CFE-41AB-A426-98D7C441BEA4} = {8951ECB0-7CFE-41AB-A426-98D7C441BEA4}
	EndProjectSection
EndProject
Project("{8BC9CEB8-8B4A-11D0-8D11-00A0C91BC942}") = "cacamoir", "cacamoir.vcproj", "{5D336F08-9B06-4C19-94C7-EB423296B83E}"
	ProjectSection(ProjectDependencies) = postProject
		{8951ECB0-7CFE-41AB-A426-98D7C441BEA4} = {8951ECB0-7CFE-41AB-A426-98D7C441BEA4}
	EndProjectSection
EndProject
Project("{8BC9CEB8-8B4A-11D0-8D11-00A0C91BC942}") = "cacaplas", "cacaplas.vcproj", "{04CC61FD-CC15-4B08-9028-BD87A63E7365}"
	ProjectSection(ProjectDependencies) = postProject
		{8951ECB0-7CFE-41AB-A426-98D7C441BEA4} = {8951ECB0-7CFE-41AB-A426-98D7C441BEA4}
	EndProjectSection
EndProject
Global
	GlobalSection(SolutionConfigurationPlatforms) = preSolution
		Debug|Win32 = Debug|Win32
		Release|Win32 = Release|Win32
	EndGlobalSection
	GlobalSection(ProjectConfigurationPlatforms) = postSolution
		{8951ECB0-7CFE-41AB-A426-98D7C441BEA4}.Debug|Win32.ActiveCfg = Debug|Win32
		{8951ECB0-7CFE-41AB-A426-98D7C441BEA4}.Debug|Win32.Build.0 = Debug|Win32
		{8951ECB0-7CFE-41AB-A426-98D7C441BEA4}.Release|Win32.ActiveCfg = Release|Win32
		{8951ECB0-7CFE-41AB-A426-98D7C441BEA4}.Release|Win32.Build.0 = Release|Win32
		{7C6ECE78-045C-458D-8B8F-DEC2C9CB9C14}.Debug|Win32.ActiveCfg = Debug|Win32
		{7C6ECE78-045C-458D-8B8F-DEC2C9CB9C14}.Debug|Win32.Build.0 = Debug|Win32
		{7C6ECE78-045C-458D-8B8F-DEC2C9CB9C14}.Release|Win32.ActiveCfg = Release|Win32
		{7C6ECE78-045C-458D-8B8F-DEC2C9CB9C14}.Release|Win32.Build.0 = Release|Win32
		{F25D1237-9ED8-4343-B958-308C95FE392F}.Debug|Win32.ActiveCfg = Debug|Win32
		{F25D1237-9ED8-4343-B958-308C95FE392F}.Debug|Win32.Build.0 = Debug|Win32
		{F25D1237-9ED8-4343-B958-308C95FE392F}.Release|Win32.ActiveCfg = Release|Win32
		{F25D1237-9ED8-4343-B958-308C95FE392F}.Release|Win32.Build.0 = Release|Win32
		{5D336F08-9B06-4C19-94C7-EB423296B83E}.Debug|Win32.ActiveCfg = Debug|Win32
		{5D336F08-9B06-4C19-94C7-EB423296B83E}.Debug|Win32.Build.0 = Debug|Win32
		{5D336F08-9B06-4C19-94C7-EB423296B83E}.Release|Win32.ActiveCfg = Release|Win32
		{5D336F08-9B06-4C19-94C7-EB423296B83E}.Release|Win32.Build.0 = Release|Win32
		{04CC61FD-CC15-4B08-9028-BD87A63E7365}.Debug|Win32.ActiveCfg = Debug|Win32
		{04CC61FD-CC15-4B08-9028-BD87A63E7365}.Debug|Win32.Build.0 = Debug|Win32
		{04CC61FD-CC15-4B08-9028-BD87A63E7365}.Release|Win32.ActiveCfg = Release|Win32
		{04CC61FD-CC15-4B08-9028-BD87A63E7365}.Release|Win32.Build.0 = Release|Win32
	EndGlobalSection
	GlobalSection(SolutionProperties) = preSolution
		HideSolutionNode = FALSE
	EndGlobalSection
EndGlobal
