Microsoft Visual Studio Solution File, Format Version 7.00
Project("{8BC9CEB8-8B4A-11D0-8D11-00A0C91BC942}") = "libcaca", "libcaca.vcproj", "{8951ECB0-7CFE-41AB-A426-98D7C441BEA4}"
EndProject
Project("{8BC9CEB8-8B4A-11D0-8D11-00A0C91BC942}") = "cacaview", "cacaview.vcproj", "{62E567BD-73B7-4C1E-9919-6423C8A8F72E}"
EndProject
Project("{8BC9CEB8-8B4A-11D0-8D11-00A0C91BC942}") = "cacaball", "cacaball.vcproj", "{7C6ECE78-045C-458D-8B8F-DEC2C9CB9C14}"
EndProject
Project("{8BC9CEB8-8B4A-11D0-8D11-00A0C91BC942}") = "cacafire", "cacafire.vcproj", "{F25D1237-9ED8-4343-B958-308C95FE392F}"
EndProject
Project("{8BC9CEB8-8B4A-11D0-8D11-00A0C91BC942}") = "cacamoir", "cacamoir.vcproj", "{5D336F08-9B06-4C19-94C7-EB423296B83E}"
EndProject
Project("{8BC9CEB8-8B4A-11D0-8D11-00A0C91BC942}") = "cacaplas", "cacaplas.vcproj", "{04CC61FD-CC15-4B08-9028-BD87A63E7365}"
EndProject
Global
	GlobalSection(SolutionConfiguration) = preSolution
		ConfigName.0 = Debug
		ConfigName.1 = Release
	EndGlobalSection
	GlobalSection(ProjectDependencies) = postSolution
		{62E567BD-73B7-4C1E-9919-6423C8A8F72E}.0 = {8951ECB0-7CFE-41AB-A426-98D7C441BEA4}
		{7C6ECE78-045C-458D-8B8F-DEC2C9CB9C14}.0 = {8951ECB0-7CFE-41AB-A426-98D7C441BEA4}
		{F25D1237-9ED8-4343-B958-308C95FE392F}.0 = {8951ECB0-7CFE-41AB-A426-98D7C441BEA4}
		{5D336F08-9B06-4C19-94C7-EB423296B83E}.0 = {8951ECB0-7CFE-41AB-A426-98D7C441BEA4}
		{04CC61FD-CC15-4B08-9028-BD87A63E7365}.0 = {8951ECB0-7CFE-41AB-A426-98D7C441BEA4}
	EndGlobalSection
	GlobalSection(ProjectConfiguration) = postSolution
		{8951ECB0-7CFE-41AB-A426-98D7C441BEA4}.Debug.ActiveCfg = Debug|Win32
		{8951ECB0-7CFE-41AB-A426-98D7C441BEA4}.Debug.Build.0 = Debug|Win32
		{8951ECB0-7CFE-41AB-A426-98D7C441BEA4}.Release.ActiveCfg = Release|Win32
		{8951ECB0-7CFE-41AB-A426-98D7C441BEA4}.Release.Build.0 = Release|Win32
		{62E567BD-73B7-4C1E-9919-6423C8A8F72E}.Debug.ActiveCfg = Debug|Win32
		{62E567BD-73B7-4C1E-9919-6423C8A8F72E}.Debug.Build.0 = Debug|Win32
		{62E567BD-73B7-4C1E-9919-6423C8A8F72E}.Release.ActiveCfg = Release|Win32
		{62E567BD-73B7-4C1E-9919-6423C8A8F72E}.Release.Build.0 = Release|Win32
		{7C6ECE78-045C-458D-8B8F-DEC2C9CB9C14}.Debug.ActiveCfg = Debug|Win32
		{7C6ECE78-045C-458D-8B8F-DEC2C9CB9C14}.Debug.Build.0 = Debug|Win32
		{7C6ECE78-045C-458D-8B8F-DEC2C9CB9C14}.Release.ActiveCfg = Release|Win32
		{7C6ECE78-045C-458D-8B8F-DEC2C9CB9C14}.Release.Build.0 = Release|Win32
		{F25D1237-9ED8-4343-B958-308C95FE392F}.Debug.ActiveCfg = Debug|Win32
		{F25D1237-9ED8-4343-B958-308C95FE392F}.Debug.Build.0 = Debug|Win32
		{F25D1237-9ED8-4343-B958-308C95FE392F}.Release.ActiveCfg = Release|Win32
		{F25D1237-9ED8-4343-B958-308C95FE392F}.Release.Build.0 = Release|Win32
		{5D336F08-9B06-4C19-94C7-EB423296B83E}.Debug.ActiveCfg = Debug|Win32
		{5D336F08-9B06-4C19-94C7-EB423296B83E}.Debug.Build.0 = Debug|Win32
		{5D336F08-9B06-4C19-94C7-EB423296B83E}.Release.ActiveCfg = Release|Win32
		{5D336F08-9B06-4C19-94C7-EB423296B83E}.Release.Build.0 = Release|Win32
		{04CC61FD-CC15-4B08-9028-BD87A63E7365}.Debug.ActiveCfg = Debug|Win32
		{04CC61FD-CC15-4B08-9028-BD87A63E7365}.Debug.Build.0 = Debug|Win32
		{04CC61FD-CC15-4B08-9028-BD87A63E7365}.Release.ActiveCfg = Release|Win32
		{04CC61FD-CC15-4B08-9028-BD87A63E7365}.Release.Build.0 = Release|Win32
	EndGlobalSection
	GlobalSection(ExtensibilityGlobals) = postSolution
	EndGlobalSection
	GlobalSection(ExtensibilityAddIns) = postSolution
	EndGlobalSection
EndGlobal
